{
    "_readme": [
        "This file locks the dependencies of your project to a known state",
        "Read more about it at https://getcomposer.org/doc/01-basic-usage.md#installing-dependencies",
        "This file is @generated automatically"
    ],
    "content-hash": "6d4e6df536b2bbb162d09e5bfbcf1189",
    "packages": [
        {
            "name": "1g0rbm/handybag",
            "version": "dev-master",
            "source": {
                "type": "git",
                "url": "https://github.com/1g0rbm/handybag.git",
                "reference": "2c4ae40cac350fc4464eacb6aa6df26c50f4f460"
            },
            "dist": {
                "type": "zip",
                "url": "https://api.github.com/repos/1g0rbm/handybag/zipball/2c4ae40cac350fc4464eacb6aa6df26c50f4f460",
                "reference": "2c4ae40cac350fc4464eacb6aa6df26c50f4f460",
                "shasum": ""
            },
            "require": {
                "php": ">=5.6"
            },
            "require-dev": {
                "phpunit/phpunit": "6.*.*"
            },
            "type": "library",
            "autoload": {
                "psr-4": {
                    "Ig0rbm\\HandyBag\\": "src/"
                }
            },
            "notification-url": "https://packagist.org/downloads/",
            "license": [
                "MIT"
            ],
            "authors": [
                {
                    "name": "1g0rbm",
                    "email": "m1g0rb89@gmail.com"
                }
            ],
            "description": "Handy container for key/value pair",
            "time": "2018-01-21T10:20:37+00:00"
        },
        {
            "name": "1g0rbm/handybox",
            "version": "dev-master",
            "source": {
                "type": "git",
                "url": "https://github.com/1g0rbm/handybox.git",
                "reference": "c6b7395f341e02b7d11530d8b40067d14846d3af"
            },
            "dist": {
                "type": "zip",
                "url": "https://api.github.com/repos/1g0rbm/handybox/zipball/c6b7395f341e02b7d11530d8b40067d14846d3af",
                "reference": "c6b7395f341e02b7d11530d8b40067d14846d3af",
                "shasum": ""
            },
            "require": {
                "1g0rbm/handybag": "dev-master"
            },
            "require-dev": {
                "phpunit/phpunit": "6.*.*"
            },
            "type": "library",
            "autoload": {
                "psr-4": {
                    "Ig0rbm\\HandyBox\\": "src/"
                }
            },
            "notification-url": "https://packagist.org/downloads/",
            "license": [
                "MIT"
            ],
            "authors": [
                {
                    "name": "1g0rbm",
                    "email": "m1g0rb89@gmail.com"
                }
            ],
            "description": "Small Dependency Injection Container.",
            "time": "2018-01-21T10:01:40+00:00"
        },
        {
            "name": "symfony/dotenv",
            "version": "dev-master",
            "source": {
                "type": "git",
                "url": "https://github.com/symfony/dotenv.git",
                "reference": "64b5cde8384fd4e9ab98ce23613e2a6d56044796"
            },
            "dist": {
                "type": "zip",
                "url": "https://api.github.com/repos/symfony/dotenv/zipball/64b5cde8384fd4e9ab98ce23613e2a6d56044796",
                "reference": "64b5cde8384fd4e9ab98ce23613e2a6d56044796",
                "shasum": ""
            },
            "require": {
                "php": "^7.1.3"
            },
            "require-dev": {
                "symfony/process": "~3.4|~4.0"
            },
            "type": "library",
            "extra": {
                "branch-alias": {
                    "dev-master": "4.2-dev"
                }
            },
            "autoload": {
                "psr-4": {
                    "Symfony\\Component\\Dotenv\\": ""
                },
                "exclude-from-classmap": [
                    "/Tests/"
                ]
            },
            "notification-url": "https://packagist.org/downloads/",
            "license": [
                "MIT"
            ],
            "authors": [
                {
                    "name": "Fabien Potencier",
                    "email": "fabien@symfony.com"
                },
                {
                    "name": "Symfony Community",
                    "homepage": "https://symfony.com/contributors"
                }
            ],
            "description": "Registers environment variables from a .env file",
            "homepage": "https://symfony.com",
            "keywords": [
                "dotenv",
                "env",
                "environment"
            ],
            "time": "2018-11-13T19:27:38+00:00"
        }
    ],
    "packages-dev": [],
    "aliases": [],
    "minimum-stability": "dev",
    "stability-flags": {
        "1g0rbm/handybox": 20,
        "symfony/dotenv": 20
    },
    "prefer-stable": false,
    "prefer-lowest": false,
    "platform": [],
    "platform-dev": []
}
